# THIS IS AN AUTOGENERATED FILE. DO NOT EDIT THIS FILE DIRECTLY.
# yarn lockfile v1


js-combinatorics@^1.4.5:
  version "1.4.5"
  resolved "https://registry.yarnpkg.com/js-combinatorics/-/js-combinatorics-1.4.5.tgz#f9b5d57ba97d1dba420c133b4ddbfabc5a41353c"
  integrity sha512-lIBPgsZnIK5S8kCyTUY4L34Kq5YXj2LXyk9WJDPsK6iklV96+ZahxIsgHtXcwHhG9XZhqrS1EbnaEkUh5gyXdg==
